# This file is automatically @generated by Wally.
# It is not intended for manual editing.
registry = "test"

[[package]]
name = "codedjimmy/bettersignal"
version = "0.1.1"
dependencies = []

[[package]]
name = "evaera/promise"
version = "4.0.0"
dependencies = []

[[package]]
name = "trizacorporation/netter"
version = "0.0.1"
dependencies = [["BetterSignal", "codedjimmy/bettersignal@0.1.1"], ["Promise", "evaera/promise@4.0.0"]]
